Microsoft Visual Studio Solution File, Format Version 12.00
# Visual Studio Version 17
VisualStudioVersion = 17.5.2.0
MinimumVisualStudioVersion = 10.0.40219.1
Project("{FAE04EC0-301F-11D3-BF4B-00C04F79EFBC}") = "boxingunboxing", "boxingunboxing.csproj", "{4D8EC6A6-B802-1FE9-58D3-99DCB5796D76}"
EndProject
Global
	GlobalSection(SolutionConfigurationPlatforms) = preSolution
		Debug|Any CPU = Debug|Any CPU
		Release|Any CPU = Release|Any CPU
	EndGlobalSection
	GlobalSection(ProjectConfigurationPlatforms) = postSolution
		{4D8EC6A6-B802-1FE9-58D3-99DCB5796D76}.Debug|Any CPU.ActiveCfg = Debug|Any CPU
		{4D8EC6A6-B802-1FE9-58D3-99DCB5796D76}.Debug|Any CPU.Build.0 = Debug|Any CPU
		{4D8EC6A6-B802-1FE9-58D3-99DCB5796D76}.Release|Any CPU.ActiveCfg = Release|Any CPU
		{4D8EC6A6-B802-1FE9-58D3-99DCB5796D76}.Release|Any CPU.Build.0 = Release|Any CPU
	EndGlobalSection
	GlobalSection(SolutionProperties) = preSolution
		HideSolutionNode = FALSE
	EndGlobalSection
	GlobalSection(ExtensibilityGlobals) = postSolution
		SolutionGuid = {02A9DD26-2DC5-4F48-9873-648261B9DC9C}
	EndGlobalSection
EndGlobal
