Microsoft Visual Studio Solution File, Format Version 12.00
# Visual Studio Version 17
VisualStudioVersion = 17.5.2.0
MinimumVisualStudioVersion = 10.0.40219.1
Project("{FAE04EC0-301F-11D3-BF4B-00C04F79EFBC}") = "Assessment_StudentEVS", "Assessment_StudentEVS.csproj", "{471E6D1E-C06D-BC35-782A-EF39AD684A05}"
EndProject
Global
	GlobalSection(SolutionConfigurationPlatforms) = preSolution
		Debug|Any CPU = Debug|Any CPU
		Release|Any CPU = Release|Any CPU
	EndGlobalSection
	GlobalSection(ProjectConfigurationPlatforms) = postSolution
		{471E6D1E-C06D-BC35-782A-EF39AD684A05}.Debug|Any CPU.ActiveCfg = Debug|Any CPU
		{471E6D1E-C06D-BC35-782A-EF39AD684A05}.Debug|Any CPU.Build.0 = Debug|Any CPU
		{471E6D1E-C06D-BC35-782A-EF39AD684A05}.Release|Any CPU.ActiveCfg = Release|Any CPU
		{471E6D1E-C06D-BC35-782A-EF39AD684A05}.Release|Any CPU.Build.0 = Release|Any CPU
	EndGlobalSection
	GlobalSection(SolutionProperties) = preSolution
		HideSolutionNode = FALSE
	EndGlobalSection
	GlobalSection(ExtensibilityGlobals) = postSolution
		SolutionGuid = {F08F4115-A34A-4117-AD31-5F0847375A7A}
	EndGlobalSection
EndGlobal
